// !$*UTF8*$!
{
	archiveVersion = 1;
	classes = {
	};
	objectVersion = 56;
	objects = {

/* Begin PBXBuildFile section */
		07CFEE592BA9AC3D00F1958D /* CostumFont.swift in Sources */ = {isa = PBXBuildFile; fileRef = 07CFEE582BA9AC3D00F1958D /* CostumFont.swift */; };
		07F426192BA2CF9D0033BA90 /* NotesAApp.swift in Sources */ = {isa = PBXBuildFile; fileRef = 07F426182BA2CF9D0033BA90 /* NotesAApp.swift */; };
		07F4261D2BA2CF9E0033BA90 /* Assets.xcassets in Resources */ = {isa = PBXBuildFile; fileRef = 07F4261C2BA2CF9E0033BA90 /* Assets.xcassets */; };
		07F426202BA2CF9E0033BA90 /* Preview Assets.xcassets in Resources */ = {isa = PBXBuildFile; fileRef = 07F4261F2BA2CF9E0033BA90 /* Preview Assets.xcassets */; };
		07F426272BA2CFAF0033BA90 /* Note.swift in Sources */ = {isa = PBXBuildFile; fileRef = 07F426262BA2CFAF0033BA90 /* Note.swift */; };
		07F4262A2BA2DF630033BA90 /* NoteView.swift in Sources */ = {isa = PBXBuildFile; fileRef = 07F426292BA2DF630033BA90 /* NoteView.swift */; };
		07F4262C2BA2FFD70033BA90 /* NotesList.swift in Sources */ = {isa = PBXBuildFile; fileRef = 07F4262B2BA2FFD70033BA90 /* NotesList.swift */; };
		07F426302BA305100033BA90 /* NewNote.swift in Sources */ = {isa = PBXBuildFile; fileRef = 07F4262F2BA305100033BA90 /* NewNote.swift */; };
		07F426322BA319950033BA90 /* NoteDetails.swift in Sources */ = {isa = PBXBuildFile; fileRef = 07F426312BA319950033BA90 /* NoteDetails.swift */; };
/* End PBXBuildFile section */

/* Begin PBXFileReference section */
		07CFEE582BA9AC3D00F1958D /* CostumFont.swift */ = {isa = PBXFileReference; lastKnownFileType = sourcecode.swift; path = CostumFont.swift; sourceTree = "<group>"; };
		07F426152BA2CF9D0033BA90 /* NotesA.app */ = {isa = PBXFileReference; explicitFileType = wrapper.application; includeInIndex = 0; path = NotesA.app; sourceTree = BUILT_PRODUCTS_DIR; };
		07F426182BA2CF9D0033BA90 /* NotesAApp.swift */ = {isa = PBXFileReference; lastKnownFileType = sourcecode.swift; path = NotesAApp.swift; sourceTree = "<group>"; };
		07F4261C2BA2CF9E0033BA90 /* Assets.xcassets */ = {isa = PBXFileReference; lastKnownFileType = folder.assetcatalog; path = Assets.xcassets; sourceTree = "<group>"; };
		07F4261F2BA2CF9E0033BA90 /* Preview Assets.xcassets */ = {isa = PBXFileReference; lastKnownFileType = folder.assetcatalog; path = "Preview Assets.xcassets"; sourceTree = "<group>"; };
		07F426262BA2CFAF0033BA90 /* Note.swift */ = {isa = PBXFileReference; lastKnownFileType = sourcecode.swift; path = Note.swift; sourceTree = "<group>"; };
		07F426292BA2DF630033BA90 /* NoteView.swift */ = {isa = PBXFileReference; lastKnownFileType = sourcecode.swift; path = NoteView.swift; sourceTree = "<group>"; };
		07F4262B2BA2FFD70033BA90 /* NotesList.swift */ = {isa = PBXFileReference; lastKnownFileType = sourcecode.swift; path = NotesList.swift; sourceTree = "<group>"; };
		07F4262F2BA305100033BA90 /* NewNote.swift */ = {isa = PBXFileReference; lastKnownFileType = sourcecode.swift; path = NewNote.swift; sourceTree = "<group>"; };
		07F426312BA319950033BA90 /* NoteDetails.swift */ = {isa = PBXFileReference; lastKnownFileType = sourcecode.swift; path = NoteDetails.swift; sourceTree = "<group>"; };
/* End PBXFileReference section */

/* Begin PBXFrameworksBuildPhase section */
		07F426122BA2CF9D0033BA90 /* Frameworks */ = {
			isa = PBXFrameworksBuildPhase;
			buildActionMask = 2147483647;
			files = (
			);
			runOnlyForDeploymentPostprocessing = 0;
		};
/* End PBXFrameworksBuildPhase section */

/* Begin PBXGroup section */
		07F4260C2BA2CF9D0033BA90 = {
			isa = PBXGroup;
			children = (
				07F426172BA2CF9D0033BA90 /* NotesA */,
				07F426162BA2CF9D0033BA90 /* Products */,
			);
			sourceTree = "<group>";
		};
		07F426162BA2CF9D0033BA90 /* Products */ = {
			isa = PBXGroup;
			children = (
				07F426152BA2CF9D0033BA90 /* NotesA.app */,
			);
			name = Products;
			sourceTree = "<group>";
		};
		07F426172BA2CF9D0033BA90 /* NotesA */ = {
			isa = PBXGroup;
			children = (
				07F426182BA2CF9D0033BA90 /* NotesAApp.swift */,
				07F4262B2BA2FFD70033BA90 /* NotesList.swift */,
				07F4262F2BA305100033BA90 /* NewNote.swift */,
				07F426312BA319950033BA90 /* NoteDetails.swift */,
				07F426292BA2DF630033BA90 /* NoteView.swift */,
				07F4261C2BA2CF9E0033BA90 /* Assets.xcassets */,
				07F426282BA2D41A0033BA90 /* Models */,
				07F4261E2BA2CF9E0033BA90 /* Preview Content */,
			);
			path = NotesA;
			sourceTree = "<group>";
		};
		07F4261E2BA2CF9E0033BA90 /* Preview Content */ = {
			isa = PBXGroup;
			children = (
				07F4261F2BA2CF9E0033BA90 /* Preview Assets.xcassets */,
			);
			path = "Preview Content";
			sourceTree = "<group>";
		};
		07F426282BA2D41A0033BA90 /* Models */ = {
			isa = PBXGroup;
			children = (
				07F426262BA2CFAF0033BA90 /* Note.swift */,
				07CFEE582BA9AC3D00F1958D /* CostumFont.swift */,
			);
			path = Models;
			sourceTree = "<group>";
		};
/* End PBXGroup section */

/* Begin PBXNativeTarget section */
		07F426142BA2CF9D0033BA90 /* NotesA */ = {
			isa = PBXNativeTarget;
			buildConfigurationList = 07F426232BA2CF9E0033BA90 /* Build configuration list for PBXNativeTarget "NotesA" */;
			buildPhases = (
				07F426112BA2CF9D0033BA90 /* Sources */,
				07F426122BA2CF9D0033BA90 /* Frameworks */,
				07F426132BA2CF9D0033BA90 /* Resources */,
			);
			buildRules = (
			);
			dependencies = (
			);
			name = NotesA;
			productName = NotesA;
			productReference = 07F426152BA2CF9D0033BA90 /* NotesA.app */;
			productType = "com.apple.product-type.application";
		};
/* End PBXNativeTarget section */

/* Begin PBXProject section */
		07F4260D2BA2CF9D0033BA90 /* Project object */ = {
			isa = PBXProject;
			attributes = {
				BuildIndependentTargetsInParallel = 1;
				LastSwiftUpdateCheck = 1530;
				LastUpgradeCheck = 1530;
				TargetAttributes = {
					07F426142BA2CF9D0033BA90 = {
						CreatedOnToolsVersion = 15.3;
					};
				};
			};
			buildConfigurationList = 07F426102BA2CF9D0033BA90 /* Build configuration list for PBXProject "NotesA" */;
			compatibilityVersion = "Xcode 14.0";
			developmentRegion = en;
			hasScannedForEncodings = 0;
			knownRegions = (
				en,
				Base,
			);
			mainGroup = 07F4260C2BA2CF9D0033BA90;
			productRefGroup = 07F426162BA2CF9D0033BA90 /* Products */;
			projectDirPath = "";
			projectRoot = "";
			targets = (
				07F426142BA2CF9D0033BA90 /* NotesA */,
			);
		};
/* End PBXProject section */

/* Begin PBXResourcesBuildPhase section */
		07F426132BA2CF9D0033BA90 /* Resources */ = {
			isa = PBXResourcesBuildPhase;
			buildActionMask = 2147483647;
			files = (
				07F426202BA2CF9E0033BA90 /* Preview Assets.xcassets in Resources */,
				07F4261D2BA2CF9E0033BA90 /* Assets.xcassets in Resources */,
			);
			runOnlyForDeploymentPostprocessing = 0;
		};
/* End PBXResourcesBuildPhase section */

/* Begin PBXSourcesBuildPhase section */
		07F426112BA2CF9D0033BA90 /* Sources */ = {
			isa = PBXSourcesBuildPhase;
			buildActionMask = 2147483647;
			files = (
				07F4262C2BA2FFD70033BA90 /* NotesList.swift in Sources */,
				07F426302BA305100033BA90 /* NewNote.swift in Sources */,
				07F426192BA2CF9D0033BA90 /* NotesAApp.swift in Sources */,
				07F4262A2BA2DF630033BA90 /* NoteView.swift in Sources */,
				07F426322BA319950033BA90 /* NoteDetails.swift in Sources */,
				07CFEE592BA9AC3D00F1958D /* CostumFont.swift in Sources */,
				07F426272BA2CFAF0033BA90 /* Note.swift in Sources */,
			);
			runOnlyForDeploymentPostprocessing = 0;
		};
/* End PBXSourcesBuildPhase section */

/* Begin XCBuildConfiguration section */
		07F426212BA2CF9E0033BA90 /* Debug */ = {
			isa = XCBuildConfiguration;
			buildSettings = {
				ALWAYS_SEARCH_USER_PATHS = NO;
				ASSETCATALOG_COMPILER_GENERATE_SWIFT_ASSET_SYMBOL_EXTENSIONS = YES;
				CLANG_ANALYZER_NONNULL = YES;
				CLANG_ANALYZER_NUMBER_OBJECT_CONVERSION = YES_AGGRESSIVE;
				CLANG_CXX_LANGUAGE_STANDARD = "gnu++20";
				CLANG_ENABLE_MODULES = YES;
				CLANG_ENABLE_OBJC_ARC = YES;
				CLANG_ENABLE_OBJC_WEAK = YES;
				CLANG_WARN_BLOCK_CAPTURE_AUTORELEASING = YES;
				CLANG_WARN_BOOL_CONVERSION = YES;
				CLANG_WARN_COMMA = YES;
				CLANG_WARN_CONSTANT_CONVERSION = YES;
				CLANG_WARN_DEPRECATED_OBJC_IMPLEMENTATIONS = YES;
				CLANG_WARN_DIRECT_OBJC_ISA_USAGE = YES_ERROR;
				CLANG_WARN_DOCUMENTATION_COMMENTS = YES;
				CLANG_WARN_EMPTY_BODY = YES;
				CLANG_WARN_ENUM_CONVERSION = YES;
				CLANG_WARN_INFINITE_RECURSION = YES;
				CLANG_WARN_INT_CONVERSION = YES;
				CLANG_WARN_NON_LITERAL_NULL_CONVERSION = YES;
				CLANG_WARN_OBJC_IMPLICIT_RETAIN_SELF = YES;
				CLANG_WARN_OBJC_LITERAL_CONVERSION = YES;
				CLANG_WARN_OBJC_ROOT_CLASS = YES_ERROR;
				CLANG_WARN_QUOTED_INCLUDE_IN_FRAMEWORK_HEADER = YES;
				CLANG_WARN_RANGE_LOOP_ANALYSIS = YES;
				CLANG_WARN_STRICT_PROTOTYPES = YES;
				CLANG_WARN_SUSPICIOUS_MOVE = YES;
				CLANG_WARN_UNGUARDED_AVAILABILITY = YES_AGGRESSIVE;
				CLANG_WARN_UNREACHABLE_CODE = YES;
				CLANG_WARN__DUPLICATE_METHOD_MATCH = YES;
				COPY_PHASE_STRIP = NO;
				DEBUG_INFORMATION_FORMAT = dwarf;
				ENABLE_STRICT_OBJC_MSGSEND = YES;
				ENABLE_TESTABILITY = YES;
				ENABLE_USER_SCRIPT_SANDBOXING = YES;
				GCC_C_LANGUAGE_STANDARD = gnu17;
				GCC_DYNAMIC_NO_PIC = NO;
				GCC_NO_COMMON_BLOCKS = YES;
				GCC_OPTIMIZATION_LEVEL = 0;
				GCC_PREPROCESSOR_DEFINITIONS = (
					"DEBUG=1",
					"$(inherited)",
				);
				GCC_WARN_64_TO_32_BIT_CONVERSION = YES;
				GCC_WARN_ABOUT_RETURN_TYPE = YES_ERROR;
				GCC_WARN_UNDECLARED_SELECTOR = YES;
				GCC_WARN_UNINITIALIZED_AUTOS = YES_AGGRESSIVE;
				GCC_WARN_UNUSED_FUNCTION = YES;
				GCC_WARN_UNUSED_VARIABLE = YES;
				IPHONEOS_DEPLOYMENT_TARGET = 17.4;
				LOCALIZATION_PREFERS_STRING_CATALOGS = YES;
				MTL_ENABLE_DEBUG_INFO = INCLUDE_SOURCE;
				MTL_FAST_MATH = YES;
				ONLY_ACTIVE_ARCH = YES;
				SDKROOT = iphoneos;
				SWIFT_ACTIVE_COMPILATION_CONDITIONS = "DEBUG $(inherited)";
				SWIFT_OPTIMIZATION_LEVEL = "-Onone";
			};
			name = Debug;
		};
		07F426222BA2CF9E0033BA90 /* Release */ = {
			isa = XCBuildConfiguration;
			buildSettings = {
				ALWAYS_SEARCH_USER_PATHS = NO;
				ASSETCATALOG_COMPILER_GENERATE_SWIFT_ASSET_SYMBOL_EXTENSIONS = YES;
				CLANG_ANALYZER_NONNULL = YES;
				CLANG_ANALYZER_NUMBER_OBJECT_CONVERSION = YES_AGGRESSIVE;
				CLANG_CXX_LANGUAGE_STANDARD = "gnu++20";
				CLANG_ENABLE_MODULES = YES;
				CLANG_ENABLE_OBJC_ARC = YES;
				CLANG_ENABLE_OBJC_WEAK = YES;
				CLANG_WARN_BLOCK_CAPTURE_AUTORELEASING = YES;
				CLANG_WARN_BOOL_CONVERSION = YES;
				CLANG_WARN_COMMA = YES;
				CLANG_WARN_CONSTANT_CONVERSION = YES;
				CLANG_WARN_DEPRECATED_OBJC_IMPLEMENTATIONS = YES;
				CLANG_WARN_DIRECT_OBJC_ISA_USAGE = YES_ERROR;
				CLANG_WARN_DOCUMENTATION_COMMENTS = YES;
				CLANG_WARN_EMPTY_BODY = YES;
				CLANG_WARN_ENUM_CONVERSION = YES;
				CLANG_WARN_INFINITE_RECURSION = YES;
				CLANG_WARN_INT_CONVERSION = YES;
				CLANG_WARN_NON_LITERAL_NULL_CONVERSION = YES;
				CLANG_WARN_OBJC_IMPLICIT_RETAIN_SELF = YES;
				CLANG_WARN_OBJC_LITERAL_CONVERSION = YES;
				CLANG_WARN_OBJC_ROOT_CLASS = YES_ERROR;
				CLANG_WARN_QUOTED_INCLUDE_IN_FRAMEWORK_HEADER = YES;
				CLANG_WARN_RANGE_LOOP_ANALYSIS = YES;
				CLANG_WARN_STRICT_PROTOTYPES = YES;
				CLANG_WARN_SUSPICIOUS_MOVE = YES;
				CLANG_WARN_UNGUARDED_AVAILABILITY = YES_AGGRESSIVE;
				CLANG_WARN_UNREACHABLE_CODE = YES;
				CLANG_WARN__DUPLICATE_METHOD_MATCH = YES;
				COPY_PHASE_STRIP = NO;
				DEBUG_INFORMATION_FORMAT = "dwarf-with-dsym";
				ENABLE_NS_ASSERTIONS = NO;
				ENABLE_STRICT_OBJC_MSGSEND = YES;
				ENABLE_USER_SCRIPT_SANDBOXING = YES;
				GCC_C_LANGUAGE_STANDARD = gnu17;
				GCC_NO_COMMON_BLOCKS = YES;
				GCC_WARN_64_TO_32_BIT_CONVERSION = YES;
				GCC_WARN_ABOUT_RETURN_TYPE = YES_ERROR;
				GCC_WARN_UNDECLARED_SELECTOR = YES;
				GCC_WARN_UNINITIALIZED_AUTOS = YES_AGGRESSIVE;
				GCC_WARN_UNUSED_FUNCTION = YES;
				GCC_WARN_UNUSED_VARIABLE = YES;
				IPHONEOS_DEPLOYMENT_TARGET = 17.4;
				LOCALIZATION_PREFERS_STRING_CATALOGS = YES;
				MTL_ENABLE_DEBUG_INFO = NO;
				MTL_FAST_MATH = YES;
				SDKROOT = iphoneos;
				SWIFT_COMPILATION_MODE = wholemodule;
				VALIDATE_PRODUCT = YES;
			};
			name = Release;
		};
		07F426242BA2CF9E0033BA90 /* Debug */ = {
			isa = XCBuildConfiguration;
			buildSettings = {
				ASSETCATALOG_COMPILER_APPICON_NAME = AppIcon;
				ASSETCATALOG_COMPILER_GLOBAL_ACCENT_COLOR_NAME = AccentColor;
				CODE_SIGN_STYLE = Automatic;
				CURRENT_PROJECT_VERSION = 1;
				DEVELOPMENT_ASSET_PATHS = "\"NotesA/Preview Content\"";
				DEVELOPMENT_TEAM = MTB88UTS46;
				ENABLE_PREVIEWS = YES;
				GENERATE_INFOPLIST_FILE = YES;
				INFOPLIST_KEY_UIApplicationSceneManifest_Generation = YES;
				INFOPLIST_KEY_UIApplicationSupportsIndirectInputEvents = YES;
				INFOPLIST_KEY_UILaunchScreen_Generation = YES;
				INFOPLIST_KEY_UISupportedInterfaceOrientations_iPad = "UIInterfaceOrientationPortrait UIInterfaceOrientationPortraitUpsideDown UIInterfaceOrientationLandscapeLeft UIInterfaceOrientationLandscapeRight";
				INFOPLIST_KEY_UISupportedInterfaceOrientations_iPhone = "UIInterfaceOrientationPortrait UIInterfaceOrientationLandscapeLeft UIInterfaceOrientationLandscapeRight";
				LD_RUNPATH_SEARCH_PATHS = (
					"$(inherited)",
					"@executable_path/Frameworks",
				);
				MARKETING_VERSION = 1.0;
				PRODUCT_BUNDLE_IDENTIFIER = com.example.NotesA;
				PRODUCT_NAME = "$(TARGET_NAME)";
				SWIFT_EMIT_LOC_STRINGS = YES;
				SWIFT_VERSION = 5.0;
				TARGETED_DEVICE_FAMILY = "1,2";
			};
			name = Debug;
		};
		07F426252BA2CF9E0033BA90 /* Release */ = {
			isa = XCBuildConfiguration;
			buildSettings = {
				ASSETCATALOG_COMPILER_APPICON_NAME = AppIcon;
				ASSETCATALOG_COMPILER_GLOBAL_ACCENT_COLOR_NAME = AccentColor;
				CODE_SIGN_STYLE = Automatic;
				CURRENT_PROJECT_VERSION = 1;
				DEVELOPMENT_ASSET_PATHS = "\"NotesA/Preview Content\"";
				DEVELOPMENT_TEAM = MTB88UTS46;
				ENABLE_PREVIEWS = YES;
				GENERATE_INFOPLIST_FILE = YES;
				INFOPLIST_KEY_UIApplicationSceneManifest_Generation = YES;
				INFOPLIST_KEY_UIApplicationSupportsIndirectInputEvents = YES;
				INFOPLIST_KEY_UILaunchScreen_Generation = YES;
				INFOPLIST_KEY_UISupportedInterfaceOrientations_iPad = "UIInterfaceOrientationPortrait UIInterfaceOrientationPortraitUpsideDown UIInterfaceOrientationLandscapeLeft UIInterfaceOrientationLandscapeRight";
				INFOPLIST_KEY_UISupportedInterfaceOrientations_iPhone = "UIInterfaceOrientationPortrait UIInterfaceOrientationLandscapeLeft UIInterfaceOrientationLandscapeRight";
				LD_RUNPATH_SEARCH_PATHS = (
					"$(inherited)",
					"@executable_path/Frameworks",
				);
				MARKETING_VERSION = 1.0;
				PRODUCT_BUNDLE_IDENTIFIER = com.example.NotesA;
				PRODUCT_NAME = "$(TARGET_NAME)";
				SWIFT_EMIT_LOC_STRINGS = YES;
				SWIFT_VERSION = 5.0;
				TARGETED_DEVICE_FAMILY = "1,2";
			};
			name = Release;
		};
/* End XCBuildConfiguration section */

/* Begin XCConfigurationList section */
		07F426102BA2CF9D0033BA90 /* Build configuration list for PBXProject "NotesA" */ = {
			isa = XCConfigurationList;
			buildConfigurations = (
				07F426212BA2CF9E0033BA90 /* Debug */,
				07F426222BA2CF9E0033BA90 /* Release */,
			);
			defaultConfigurationIsVisible = 0;
			defaultConfigurationName = Release;
		};
		07F426232BA2CF9E0033BA90 /* Build configuration list for PBXNativeTarget "NotesA" */ = {
			isa = XCConfigurationList;
			buildConfigurations = (
				07F426242BA2CF9E0033BA90 /* Debug */,
				07F426252BA2CF9E0033BA90 /* Release */,
			);
			defaultConfigurationIsVisible = 0;
			defaultConfigurationName = Release;
		};
/* End XCConfigurationList section */
	};
	rootObject = 07F4260D2BA2CF9D0033BA90 /* Project object */;
}
